// !$*UTF8*$!
{
	archiveVersion = 1;
	classes = {
	};
	objectVersion = 56;
	objects = {

/* Begin PBXBuildFile section */
		8A0696202CEB68390036DEA1 /* Opaque.swift in Sources */ = {isa = PBXBuildFile; fileRef = 8A06961F2CEB68180036DEA1 /* Opaque.swift */; };
		8A0FF8E12D2D0543003ACC69 /* CustomSession.swift in Sources */ = {isa = PBXBuildFile; fileRef = 8A0FF8E02D2D052A003ACC69 /* CustomSession.swift */; };
		8A0FF8E22D2D0543003ACC69 /* CustomSession.swift in Sources */ = {isa = PBXBuildFile; fileRef = 8A0FF8E02D2D052A003ACC69 /* CustomSession.swift */; };
		8A0FF8E72D310A27003ACC69 /* AsyncSequenceExample.swift in Sources */ = {isa = PBXBuildFile; fileRef = 8A0FF8E62D310A1E003ACC69 /* AsyncSequenceExample.swift */; };
		8A0FF8E82D310A27003ACC69 /* AsyncSequenceExample.swift in Sources */ = {isa = PBXBuildFile; fileRef = 8A0FF8E62D310A1E003ACC69 /* AsyncSequenceExample.swift */; };
		8A0FF8EA2D34EDEE003ACC69 /* CustomAsyncSequence.swift in Sources */ = {isa = PBXBuildFile; fileRef = 8A0FF8E92D34EDE3003ACC69 /* CustomAsyncSequence.swift */; };
		8A0FF8EB2D34EDEE003ACC69 /* CustomAsyncSequence.swift in Sources */ = {isa = PBXBuildFile; fileRef = 8A0FF8E92D34EDE3003ACC69 /* CustomAsyncSequence.swift */; };
		8A0FF8ED2D3510E8003ACC69 /* AsyncToSequence.swift in Sources */ = {isa = PBXBuildFile; fileRef = 8A0FF8EC2D3510D2003ACC69 /* AsyncToSequence.swift */; };
		8A0FF8EE2D3510E8003ACC69 /* AsyncToSequence.swift in Sources */ = {isa = PBXBuildFile; fileRef = 8A0FF8EC2D3510D2003ACC69 /* AsyncToSequence.swift */; };
		8A0FF8F02D3601E8003ACC69 /* ActorContext.swift in Sources */ = {isa = PBXBuildFile; fileRef = 8A0FF8EF2D3601E2003ACC69 /* ActorContext.swift */; };
		8A0FF8F12D3601E8003ACC69 /* ActorContext.swift in Sources */ = {isa = PBXBuildFile; fileRef = 8A0FF8EF2D3601E2003ACC69 /* ActorContext.swift */; };
		8A0FF8F32D3655C9003ACC69 /* TaskGroup.swift in Sources */ = {isa = PBXBuildFile; fileRef = 8A0FF8F22D3655C2003ACC69 /* TaskGroup.swift */; };
		8A0FF8F42D3655C9003ACC69 /* TaskGroup.swift in Sources */ = {isa = PBXBuildFile; fileRef = 8A0FF8F22D3655C2003ACC69 /* TaskGroup.swift */; };
		8A0FF8F62D36717F003ACC69 /* TaskGroupCancel.swift in Sources */ = {isa = PBXBuildFile; fileRef = 8A0FF8F52D367178003ACC69 /* TaskGroupCancel.swift */; };
		8A0FF8F72D36717F003ACC69 /* TaskGroupCancel.swift in Sources */ = {isa = PBXBuildFile; fileRef = 8A0FF8F52D367178003ACC69 /* TaskGroupCancel.swift */; };
		8A1ADFF72D2BCDA40038F96B /* TaskLocalExample.swift in Sources */ = {isa = PBXBuildFile; fileRef = 8A1ADFF62D2BCD8D0038F96B /* TaskLocalExample.swift */; };
		8A1ADFF82D2BCDA40038F96B /* TaskLocalExample.swift in Sources */ = {isa = PBXBuildFile; fileRef = 8A1ADFF62D2BCD8D0038F96B /* TaskLocalExample.swift */; };
		8A1ADFFA2D2BDBE10038F96B /* TaskLocalExampleTests.swift in Sources */ = {isa = PBXBuildFile; fileRef = 8A1ADFF92D2BDBDB0038F96B /* TaskLocalExampleTests.swift */; };
		8A1AE0012D2CC7E60038F96B /* TimerExample.swift in Sources */ = {isa = PBXBuildFile; fileRef = 8A1AE0002D2CC7E10038F96B /* TimerExample.swift */; };
		8A1AE0022D2CC7E60038F96B /* TimerExample.swift in Sources */ = {isa = PBXBuildFile; fileRef = 8A1AE0002D2CC7E10038F96B /* TimerExample.swift */; };
		8A1AE0072D2CD74E0038F96B /* AsyncSteamTests.swift in Sources */ = {isa = PBXBuildFile; fileRef = 8A1AE0062D2CD7480038F96B /* AsyncSteamTests.swift */; };
		8A2AFCCC2C5247D5004DCD4F /* FunctionProgramming.swift in Sources */ = {isa = PBXBuildFile; fileRef = 8A2206F72C5237F100EC2FE5 /* FunctionProgramming.swift */; };
		8A2AFCCD2C5247D6004DCD4F /* FunctionProgramming.swift in Sources */ = {isa = PBXBuildFile; fileRef = 8A2206F72C5237F100EC2FE5 /* FunctionProgramming.swift */; };
		8A36A0372C74047A00C33475 /* ActorWorker.swift in Sources */ = {isa = PBXBuildFile; fileRef = 8A36A0362C74047A00C33475 /* ActorWorker.swift */; };
		8A36A0382C7404AE00C33475 /* ActorWorker.swift in Sources */ = {isa = PBXBuildFile; fileRef = 8A36A0362C74047A00C33475 /* ActorWorker.swift */; };
		8A36A03B2C7C39CC00C33475 /* FunctionGenericTests.swift in Sources */ = {isa = PBXBuildFile; fileRef = 8A36A03A2C7C39CC00C33475 /* FunctionGenericTests.swift */; };
		8A36A03C2C7C3A2600C33475 /* FunctionGeneric.swift in Sources */ = {isa = PBXBuildFile; fileRef = 8A6EA1B42BFABF39005E1293 /* FunctionGeneric.swift */; };
		8A36A03E2C7C6D9D00C33475 /* ClosureTests.swift in Sources */ = {isa = PBXBuildFile; fileRef = 8A36A03D2C7C6D9D00C33475 /* ClosureTests.swift */; };
		8A5ABFB52CDB41B0003CBC1A /* Operator.swift in Sources */ = {isa = PBXBuildFile; fileRef = 8A5ABFB42CDB41AA003CBC1A /* Operator.swift */; };
		8A5ABFB62CDB41B0003CBC1A /* Operator.swift in Sources */ = {isa = PBXBuildFile; fileRef = 8A5ABFB42CDB41AA003CBC1A /* Operator.swift */; };
		8A5ABFB92CDB55F5003CBC1A /* PropertyWrappers.swift in Sources */ = {isa = PBXBuildFile; fileRef = 8A5ABFB82CDB55E5003CBC1A /* PropertyWrappers.swift */; };
		8A5ABFBA2CDB55F5003CBC1A /* PropertyWrappers.swift in Sources */ = {isa = PBXBuildFile; fileRef = 8A5ABFB82CDB55E5003CBC1A /* PropertyWrappers.swift */; };
		8A5AC0562CE334A2003CBC1A /* maperror.swift in Sources */ = {isa = PBXBuildFile; fileRef = 8A5AC0552CE3349D003CBC1A /* maperror.swift */; };
		8A5AC0572CE334A2003CBC1A /* maperror.swift in Sources */ = {isa = PBXBuildFile; fileRef = 8A5AC0552CE3349D003CBC1A /* maperror.swift */; };
		8A5AC0EA2CEC33F6003CBC1A /* swifttesting.swift in Sources */ = {isa = PBXBuildFile; fileRef = 8A5AC0E92CEC33EF003CBC1A /* swifttesting.swift */; };
		8A5AC0ED2CEC8863003CBC1A /* AsyncAwaitTests.swift in Sources */ = {isa = PBXBuildFile; fileRef = 8A5AC0EC2CEC885B003CBC1A /* AsyncAwaitTests.swift */; };
		8A5B3C022D24B382002C6A28 /* Senario.swift in Sources */ = {isa = PBXBuildFile; fileRef = 8A5B3C012D24B378002C6A28 /* Senario.swift */; };
		8A5B3C032D24B382002C6A28 /* Senario.swift in Sources */ = {isa = PBXBuildFile; fileRef = 8A5B3C012D24B378002C6A28 /* Senario.swift */; };
		8A5B3C052D24C098002C6A28 /* TasksTests.swift in Sources */ = {isa = PBXBuildFile; fileRef = 8A5B3C042D24C091002C6A28 /* TasksTests.swift */; };
		8A5B3C072D24C3DC002C6A28 /* Tasks.swift in Sources */ = {isa = PBXBuildFile; fileRef = 8AF4B5972C70288D0087956A /* Tasks.swift */; };
		8A5B3C092D24DC60002C6A28 /* SenarioTests.swift in Sources */ = {isa = PBXBuildFile; fileRef = 8A5B3C082D24DC58002C6A28 /* SenarioTests.swift */; };
		8A5B3C0C2D296B01002C6A28 /* LongLiveStream.swift in Sources */ = {isa = PBXBuildFile; fileRef = 8A5B3C0B2D296AE0002C6A28 /* LongLiveStream.swift */; };
		8A5B3C0D2D296B01002C6A28 /* LongLiveStream.swift in Sources */ = {isa = PBXBuildFile; fileRef = 8A5B3C0B2D296AE0002C6A28 /* LongLiveStream.swift */; };
		8A5B3C102D297516002C6A28 /* LongLiveStreamTests.swift in Sources */ = {isa = PBXBuildFile; fileRef = 8A5B3C0F2D2974FA002C6A28 /* LongLiveStreamTests.swift */; };
		8A5B3C122D2979DD002C6A28 /* ReceivingData.swift in Sources */ = {isa = PBXBuildFile; fileRef = 8A5B3C112D297973002C6A28 /* ReceivingData.swift */; };
		8A5B3C132D2979DD002C6A28 /* ReceivingData.swift in Sources */ = {isa = PBXBuildFile; fileRef = 8A5B3C112D297973002C6A28 /* ReceivingData.swift */; };
		8A5B3C152D297ABB002C6A28 /* SendingReceivingDataTests.swift in Sources */ = {isa = PBXBuildFile; fileRef = 8A5B3C142D297AAE002C6A28 /* SendingReceivingDataTests.swift */; };
		8A5B3C172D297B96002C6A28 /* SendingData.swift in Sources */ = {isa = PBXBuildFile; fileRef = 8A5B3C162D297B92002C6A28 /* SendingData.swift */; };
		8A5B3C182D297B96002C6A28 /* SendingData.swift in Sources */ = {isa = PBXBuildFile; fileRef = 8A5B3C162D297B92002C6A28 /* SendingData.swift */; };
		8A5B3C1A2D2A016E002C6A28 /* Download.swift in Sources */ = {isa = PBXBuildFile; fileRef = 8A5B3C192D2A0168002C6A28 /* Download.swift */; };
		8A5B3C1B2D2A016E002C6A28 /* Download.swift in Sources */ = {isa = PBXBuildFile; fileRef = 8A5B3C192D2A0168002C6A28 /* Download.swift */; };
		8A5B3C1D2D2A020F002C6A28 /* DownloadTests.swift in Sources */ = {isa = PBXBuildFile; fileRef = 8A5B3C1C2D2A0209002C6A28 /* DownloadTests.swift */; };
		8A5B3C1F2D2A2B2E002C6A28 /* ByteAccumulator.swift in Sources */ = {isa = PBXBuildFile; fileRef = 8A5B3C1E2D2A2B2C002C6A28 /* ByteAccumulator.swift */; };
		8A5B3C202D2A2B2E002C6A28 /* ByteAccumulator.swift in Sources */ = {isa = PBXBuildFile; fileRef = 8A5B3C1E2D2A2B2C002C6A28 /* ByteAccumulator.swift */; };
		8A5B3C222D2A2B34002C6A28 /* Utility.swift in Sources */ = {isa = PBXBuildFile; fileRef = 8A5B3C212D2A2B32002C6A28 /* Utility.swift */; };
		8A5B3C232D2A2B34002C6A28 /* Utility.swift in Sources */ = {isa = PBXBuildFile; fileRef = 8A5B3C212D2A2B32002C6A28 /* Utility.swift */; };
		8A5B3C252D2C8CAB002C6A28 /* MainActor.swift in Sources */ = {isa = PBXBuildFile; fileRef = 8A5B3C242D2C8CA8002C6A28 /* MainActor.swift */; };
		8A5B3C262D2C8CAB002C6A28 /* MainActor.swift in Sources */ = {isa = PBXBuildFile; fileRef = 8A5B3C242D2C8CA8002C6A28 /* MainActor.swift */; };
		8A686A6E2BD32DB700B38E22 /* main.swift in Sources */ = {isa = PBXBuildFile; fileRef = 8A686A6D2BD32DB700B38E22 /* main.swift */; };
		8A686A882BD32E2100B38E22 /* Loop.swift in Sources */ = {isa = PBXBuildFile; fileRef = 8A686A852BD32E2100B38E22 /* Loop.swift */; };
		8A686A892BD32E2100B38E22 /* Lambda.swift in Sources */ = {isa = PBXBuildFile; fileRef = 8A686A832BD32E2100B38E22 /* Lambda.swift */; };
		8A686A8A2BD32E2100B38E22 /* MemoryManagement.swift in Sources */ = {isa = PBXBuildFile; fileRef = 8A686A872BD32E2100B38E22 /* MemoryManagement.swift */; };
		8A686A972BD32EB500B38E22 /* SwitchTests.swift in Sources */ = {isa = PBXBuildFile; fileRef = 8A686A962BD32EB500B38E22 /* SwitchTests.swift */; };
		8A686A9C2BD3354200B38E22 /* Loop.swift in Sources */ = {isa = PBXBuildFile; fileRef = 8A686A852BD32E2100B38E22 /* Loop.swift */; };
		8A686A9D2BD3359800B38E22 /* Lambda.swift in Sources */ = {isa = PBXBuildFile; fileRef = 8A686A832BD32E2100B38E22 /* Lambda.swift */; };
		8A686A9E2BD335FD00B38E22 /* MemoryManagement.swift in Sources */ = {isa = PBXBuildFile; fileRef = 8A686A872BD32E2100B38E22 /* MemoryManagement.swift */; };
		8A686AA22BD34EE300B38E22 /* Switch.swift in Sources */ = {isa = PBXBuildFile; fileRef = 8A686AA12BD34EE300B38E22 /* Switch.swift */; };
		8A686AA32BD34EE300B38E22 /* Switch.swift in Sources */ = {isa = PBXBuildFile; fileRef = 8A686AA12BD34EE300B38E22 /* Switch.swift */; };
		8A686AA72BD3590700B38E22 /* Inheritance.swift in Sources */ = {isa = PBXBuildFile; fileRef = 8A686AA52BD3590700B38E22 /* Inheritance.swift */; };
		8A686AA82BD3590700B38E22 /* Inheritance.swift in Sources */ = {isa = PBXBuildFile; fileRef = 8A686AA52BD3590700B38E22 /* Inheritance.swift */; };
		8A686AA92BD3590700B38E22 /* Interfaces.swift in Sources */ = {isa = PBXBuildFile; fileRef = 8A686AA62BD3590700B38E22 /* Interfaces.swift */; };
		8A686AAA2BD3590700B38E22 /* Interfaces.swift in Sources */ = {isa = PBXBuildFile; fileRef = 8A686AA62BD3590700B38E22 /* Interfaces.swift */; };
		8A686AAD2BD3C5F100B38E22 /* ProtocolProgramming.swift in Sources */ = {isa = PBXBuildFile; fileRef = 8A686AAC2BD3C5F100B38E22 /* ProtocolProgramming.swift */; };
		8A686AAE2BD3C5F100B38E22 /* ProtocolProgramming.swift in Sources */ = {isa = PBXBuildFile; fileRef = 8A686AAC2BD3C5F100B38E22 /* ProtocolProgramming.swift */; };
		8A686AB12BD53D1900B38E22 /* AsyncAwait.swift in Sources */ = {isa = PBXBuildFile; fileRef = 8A686AB02BD53D1900B38E22 /* AsyncAwait.swift */; };
		8A686AB22BD53D1900B38E22 /* AsyncAwait.swift in Sources */ = {isa = PBXBuildFile; fileRef = 8A686AB02BD53D1900B38E22 /* AsyncAwait.swift */; };
		8A686AB52BD6216100B38E22 /* Exception.swift in Sources */ = {isa = PBXBuildFile; fileRef = 8A686AB42BD6216100B38E22 /* Exception.swift */; };
		8A686AB62BD6216100B38E22 /* Exception.swift in Sources */ = {isa = PBXBuildFile; fileRef = 8A686AB42BD6216100B38E22 /* Exception.swift */; };
		8A6EA1B52BFABF39005E1293 /* FunctionGeneric.swift in Sources */ = {isa = PBXBuildFile; fileRef = 8A6EA1B42BFABF39005E1293 /* FunctionGeneric.swift */; };
		8A6EA1B72BFB0833005E1293 /* ClassGeneric.swift in Sources */ = {isa = PBXBuildFile; fileRef = 8A6EA1B62BFB0833005E1293 /* ClassGeneric.swift */; };
		8A6EA1B92BFB1CAC005E1293 /* ValueReference.swift in Sources */ = {isa = PBXBuildFile; fileRef = 8A6EA1B82BFB1CAC005E1293 /* ValueReference.swift */; };
		8A92DA4A2D5472EB0088E5B9 /* LazyType.swift in Sources */ = {isa = PBXBuildFile; fileRef = 8A92DA492D5472E50088E5B9 /* LazyType.swift */; };
		8A92DA4B2D5472EB0088E5B9 /* LazyType.swift in Sources */ = {isa = PBXBuildFile; fileRef = 8A92DA492D5472E50088E5B9 /* LazyType.swift */; };
		8A9D36D12C7DC6FF00D56018 /* main.swift in Sources */ = {isa = PBXBuildFile; fileRef = 8A686A6D2BD32DB700B38E22 /* main.swift */; };
		8A9D36D62C80236700D56018 /* ARC.swift in Sources */ = {isa = PBXBuildFile; fileRef = 8A9D36D52C80236700D56018 /* ARC.swift */; };
		8A9D36D72C80236700D56018 /* ARC.swift in Sources */ = {isa = PBXBuildFile; fileRef = 8A9D36D52C80236700D56018 /* ARC.swift */; };
		8A9D36DA2C80259100D56018 /* ARCTests.swift in Sources */ = {isa = PBXBuildFile; fileRef = 8A9D36D92C80259100D56018 /* ARCTests.swift */; };
		8AB12B632BF36802002CADFD /* Guard.swift in Sources */ = {isa = PBXBuildFile; fileRef = 8AB12B622BF36802002CADFD /* Guard.swift */; };
		8AB12B6D2BF375C6002CADFD /* Lazy.swift in Sources */ = {isa = PBXBuildFile; fileRef = 8AB12B6C2BF375C6002CADFD /* Lazy.swift */; };
		8AB12B6E2BF375C6002CADFD /* Lazy.swift in Sources */ = {isa = PBXBuildFile; fileRef = 8AB12B6C2BF375C6002CADFD /* Lazy.swift */; };
		8AB12B712BF375CF002CADFD /* LazyTests.swift in Sources */ = {isa = PBXBuildFile; fileRef = 8AB12B6F2BF375CF002CADFD /* LazyTests.swift */; };
		8AB12B732BF396F8002CADFD /* StructType.swift in Sources */ = {isa = PBXBuildFile; fileRef = 8AB12B722BF396F8002CADFD /* StructType.swift */; };
		8AB12B742BF396F8002CADFD /* StructType.swift in Sources */ = {isa = PBXBuildFile; fileRef = 8AB12B722BF396F8002CADFD /* StructType.swift */; };
		8AB12B782BF3974C002CADFD /* StructTypeTests.swift in Sources */ = {isa = PBXBuildFile; fileRef = 8AB12B762BF3974C002CADFD /* StructTypeTests.swift */; };
		8AB12B7A2BF3AA4A002CADFD /* Closure.swift in Sources */ = {isa = PBXBuildFile; fileRef = 8AB12B792BF3AA4A002CADFD /* Closure.swift */; };
		8AB12B7B2BF3AA4A002CADFD /* Closure.swift in Sources */ = {isa = PBXBuildFile; fileRef = 8AB12B792BF3AA4A002CADFD /* Closure.swift */; };
		8AB12B7D2BF7A167002CADFD /* Collection.swift in Sources */ = {isa = PBXBuildFile; fileRef = 8AB12B7C2BF7A167002CADFD /* Collection.swift */; };
		8AB12B7E2BF7A167002CADFD /* Collection.swift in Sources */ = {isa = PBXBuildFile; fileRef = 8AB12B7C2BF7A167002CADFD /* Collection.swift */; };
		8AB12B812BF7A237002CADFD /* TypeTests.swift in Sources */ = {isa = PBXBuildFile; fileRef = 8AB12B7F2BF7A237002CADFD /* TypeTests.swift */; };
		8ABE51612D1ACC54006362FE /* Boxed.swift in Sources */ = {isa = PBXBuildFile; fileRef = 8ABE51602D1ACC51006362FE /* Boxed.swift */; };
		8ABE51622D1ACC54006362FE /* Boxed.swift in Sources */ = {isa = PBXBuildFile; fileRef = 8ABE51602D1ACC51006362FE /* Boxed.swift */; };
		8AC80B152CE39B39000317A3 /* String.swift in Sources */ = {isa = PBXBuildFile; fileRef = 8AC80B142CE39B35000317A3 /* String.swift */; };
		8AC80B162CE39B39000317A3 /* String.swift in Sources */ = {isa = PBXBuildFile; fileRef = 8AC80B142CE39B35000317A3 /* String.swift */; };
		8AD11F812C8FA1F4002B5D41 /* OpaqueBoxedProtocol.swift in Sources */ = {isa = PBXBuildFile; fileRef = 8AD11F802C8FA1F4002B5D41 /* OpaqueBoxedProtocol.swift */; };
		8AD11F822C8FA1F4002B5D41 /* OpaqueBoxedProtocol.swift in Sources */ = {isa = PBXBuildFile; fileRef = 8AD11F802C8FA1F4002B5D41 /* OpaqueBoxedProtocol.swift */; };
		8AD11F852C8FAFD2002B5D41 /* OpaqueBoxedProtocolTests.swift in Sources */ = {isa = PBXBuildFile; fileRef = 8AD11F842C8FAFD2002B5D41 /* OpaqueBoxedProtocolTests.swift */; };
		8AD18D182BFCDF2400080AF3 /* ProtocolGeneric.swift in Sources */ = {isa = PBXBuildFile; fileRef = 8AD18D172BFCDF2400080AF3 /* ProtocolGeneric.swift */; };
		8AD18D1A2BFD593B00080AF3 /* VariadicFunction.swift in Sources */ = {isa = PBXBuildFile; fileRef = 8AD18D192BFD593B00080AF3 /* VariadicFunction.swift */; };
		8AD18D252C00D4C100080AF3 /* CollectionTypeTests.swift in Sources */ = {isa = PBXBuildFile; fileRef = 8AD18D232C00D4C100080AF3 /* CollectionTypeTests.swift */; };
		8AD18D272C00D62500080AF3 /* CollectionType.swift in Sources */ = {isa = PBXBuildFile; fileRef = 8AD18D262C00D62500080AF3 /* CollectionType.swift */; };
		8AD18D2B2C00DF8D00080AF3 /* CollectionType.swift in Sources */ = {isa = PBXBuildFile; fileRef = 8AD18D262C00D62500080AF3 /* CollectionType.swift */; };
		8AD18D2F2C01D35E00080AF3 /* LambdaTests.swift in Sources */ = {isa = PBXBuildFile; fileRef = 8AD18D2D2C01D35E00080AF3 /* LambdaTests.swift */; };
		8ADF4E532D354B64009B5A7D /* AsyncStreamExample.swift in Sources */ = {isa = PBXBuildFile; fileRef = 8ADF4E522D354B5D009B5A7D /* AsyncStreamExample.swift */; };
		8ADF4E542D354B64009B5A7D /* AsyncStreamExample.swift in Sources */ = {isa = PBXBuildFile; fileRef = 8ADF4E522D354B5D009B5A7D /* AsyncStreamExample.swift */; };
		8ADF4E562D35BA8D009B5A7D /* Continuations.swift in Sources */ = {isa = PBXBuildFile; fileRef = 8ADF4E552D35BA38009B5A7D /* Continuations.swift */; };
		8ADF4E572D35BA8D009B5A7D /* Continuations.swift in Sources */ = {isa = PBXBuildFile; fileRef = 8ADF4E552D35BA38009B5A7D /* Continuations.swift */; };
		8ADF4E592D384920009B5A7D /* TaskGroupDiffType.swift in Sources */ = {isa = PBXBuildFile; fileRef = 8ADF4E582D384918009B5A7D /* TaskGroupDiffType.swift */; };
		8ADF4E5A2D384920009B5A7D /* TaskGroupDiffType.swift in Sources */ = {isa = PBXBuildFile; fileRef = 8ADF4E582D384918009B5A7D /* TaskGroupDiffType.swift */; };
		8ADF4E5C2D3852B0009B5A7D /* TaskGroupDiscard.swift in Sources */ = {isa = PBXBuildFile; fileRef = 8ADF4E5B2D385299009B5A7D /* TaskGroupDiscard.swift */; };
		8ADF4E5D2D3852B0009B5A7D /* TaskGroupDiscard.swift in Sources */ = {isa = PBXBuildFile; fileRef = 8ADF4E5B2D385299009B5A7D /* TaskGroupDiscard.swift */; };
		8ADF4E652D3A8A7B009B5A7D /* ActorTests.swift in Sources */ = {isa = PBXBuildFile; fileRef = 8ADF4E642D3A8A78009B5A7D /* ActorTests.swift */; };
		8ADF4E672D3B0E02009B5A7D /* DecodingJson.swift in Sources */ = {isa = PBXBuildFile; fileRef = 8ADF4E662D3B0DFD009B5A7D /* DecodingJson.swift */; };
		8ADF4E682D3B0E02009B5A7D /* DecodingJson.swift in Sources */ = {isa = PBXBuildFile; fileRef = 8ADF4E662D3B0DFD009B5A7D /* DecodingJson.swift */; };
		8AF4B5932C6ADC4E0087956A /* Properties.swift in Sources */ = {isa = PBXBuildFile; fileRef = 8AF4B5922C6ADC4E0087956A /* Properties.swift */; };
		8AF4B5942C6ADC4E0087956A /* Properties.swift in Sources */ = {isa = PBXBuildFile; fileRef = 8AF4B5922C6ADC4E0087956A /* Properties.swift */; };
		8AF4B5982C70288D0087956A /* Tasks.swift in Sources */ = {isa = PBXBuildFile; fileRef = 8AF4B5972C70288D0087956A /* Tasks.swift */; };
		8AF830382CC74D2C00B31278 /* Type.swift in Sources */ = {isa = PBXBuildFile; fileRef = 8AF830372CC74D2800B31278 /* Type.swift */; };
		8AF830392CC74D2C00B31278 /* Type.swift in Sources */ = {isa = PBXBuildFile; fileRef = 8AF830372CC74D2800B31278 /* Type.swift */; };
		8AF8303C2CC7545200B31278 /* Debug.swift in Sources */ = {isa = PBXBuildFile; fileRef = 8AF8303B2CC7544E00B31278 /* Debug.swift */; };
		8AF8303D2CC7545200B31278 /* Debug.swift in Sources */ = {isa = PBXBuildFile; fileRef = 8AF8303B2CC7544E00B31278 /* Debug.swift */; };
		8AFFF23B2D38D9EE0083F276 /* ActorExample.swift in Sources */ = {isa = PBXBuildFile; fileRef = 8AFFF23A2D38D9E30083F276 /* ActorExample.swift */; };
		8AFFF23C2D38D9EE0083F276 /* ActorExample.swift in Sources */ = {isa = PBXBuildFile; fileRef = 8AFFF23A2D38D9E30083F276 /* ActorExample.swift */; };
		8AFFF23E2D38F3B60083F276 /* ActorIsolateFunc.swift in Sources */ = {isa = PBXBuildFile; fileRef = 8AFFF23D2D38F3B60083F276 /* ActorIsolateFunc.swift */; };
		8AFFF23F2D38F3B60083F276 /* ActorIsolateFunc.swift in Sources */ = {isa = PBXBuildFile; fileRef = 8AFFF23D2D38F3B60083F276 /* ActorIsolateFunc.swift */; };
		8AFFF2412D38F4150083F276 /* ActorNonisolated.swift in Sources */ = {isa = PBXBuildFile; fileRef = 8AFFF2402D38F4150083F276 /* ActorNonisolated.swift */; };
		8AFFF2422D38F4150083F276 /* ActorNonisolated.swift in Sources */ = {isa = PBXBuildFile; fileRef = 8AFFF2402D38F4150083F276 /* ActorNonisolated.swift */; };
		8AFFF2482D3A5F7E0083F276 /* ActorReentrancy.swift in Sources */ = {isa = PBXBuildFile; fileRef = 8AFFF2472D3A5F700083F276 /* ActorReentrancy.swift */; };
		8AFFF2492D3A5F7E0083F276 /* ActorReentrancy.swift in Sources */ = {isa = PBXBuildFile; fileRef = 8AFFF2472D3A5F700083F276 /* ActorReentrancy.swift */; };
/* End PBXBuildFile section */

/* Begin PBXCopyFilesBuildPhase section */
		8A686A682BD32DB700B38E22 /* CopyFiles */ = {
			isa = PBXCopyFilesBuildPhase;
			buildActionMask = 2147483647;
			dstPath = /usr/share/man/man1/;
			dstSubfolderSpec = 0;
			files = (
			);
			runOnlyForDeploymentPostprocessing = 1;
		};
/* End PBXCopyFilesBuildPhase section */

/* Begin PBXFileReference section */
		8A06961F2CEB68180036DEA1 /* Opaque.swift */ = {isa = PBXFileReference; lastKnownFileType = sourcecode.swift; path = Opaque.swift; sourceTree = "<group>"; };
		8A0FF8E02D2D052A003ACC69 /* CustomSession.swift */ = {isa = PBXFileReference; lastKnownFileType = sourcecode.swift; path = CustomSession.swift; sourceTree = "<group>"; };
		8A0FF8E62D310A1E003ACC69 /* AsyncSequenceExample.swift */ = {isa = PBXFileReference; lastKnownFileType = sourcecode.swift; path = AsyncSequenceExample.swift; sourceTree = "<group>"; };
		8A0FF8E92D34EDE3003ACC69 /* CustomAsyncSequence.swift */ = {isa = PBXFileReference; lastKnownFileType = sourcecode.swift; path = CustomAsyncSequence.swift; sourceTree = "<group>"; };
		8A0FF8EC2D3510D2003ACC69 /* AsyncToSequence.swift */ = {isa = PBXFileReference; lastKnownFileType = sourcecode.swift; path = AsyncToSequence.swift; sourceTree = "<group>"; };
		8A0FF8EF2D3601E2003ACC69 /* ActorContext.swift */ = {isa = PBXFileReference; lastKnownFileType = sourcecode.swift; path = ActorContext.swift; sourceTree = "<group>"; };
		8A0FF8F22D3655C2003ACC69 /* TaskGroup.swift */ = {isa = PBXFileReference; lastKnownFileType = sourcecode.swift; path = TaskGroup.swift; sourceTree = "<group>"; };
		8A0FF8F52D367178003ACC69 /* TaskGroupCancel.swift */ = {isa = PBXFileReference; lastKnownFileType = sourcecode.swift; path = TaskGroupCancel.swift; sourceTree = "<group>"; };
		8A1ADFF62D2BCD8D0038F96B /* TaskLocalExample.swift */ = {isa = PBXFileReference; lastKnownFileType = sourcecode.swift; path = TaskLocalExample.swift; sourceTree = "<group>"; };
		8A1ADFF92D2BDBDB0038F96B /* TaskLocalExampleTests.swift */ = {isa = PBXFileReference; lastKnownFileType = sourcecode.swift; path = TaskLocalExampleTests.swift; sourceTree = "<group>"; };
		8A1AE0002D2CC7E10038F96B /* TimerExample.swift */ = {isa = PBXFileReference; lastKnownFileType = sourcecode.swift; path = TimerExample.swift; sourceTree = "<group>"; };
		8A1AE0062D2CD7480038F96B /* AsyncSteamTests.swift */ = {isa = PBXFileReference; lastKnownFileType = sourcecode.swift; path = AsyncSteamTests.swift; sourceTree = "<group>"; };
		8A2206F72C5237F100EC2FE5 /* FunctionProgramming.swift */ = {isa = PBXFileReference; lastKnownFileType = sourcecode.swift; path = FunctionProgramming.swift; sourceTree = "<group>"; };
		8A36A0362C74047A00C33475 /* ActorWorker.swift */ = {isa = PBXFileReference; lastKnownFileType = sourcecode.swift; path = ActorWorker.swift; sourceTree = "<group>"; };
		8A36A03A2C7C39CC00C33475 /* FunctionGenericTests.swift */ = {isa = PBXFileReference; lastKnownFileType = sourcecode.swift; path = FunctionGenericTests.swift; sourceTree = "<group>"; };
		8A36A03D2C7C6D9D00C33475 /* ClosureTests.swift */ = {isa = PBXFileReference; lastKnownFileType = sourcecode.swift; path = ClosureTests.swift; sourceTree = "<group>"; };
		8A5ABFB42CDB41AA003CBC1A /* Operator.swift */ = {isa = PBXFileReference; lastKnownFileType = sourcecode.swift; path = Operator.swift; sourceTree = "<group>"; };
		8A5ABFB82CDB55E5003CBC1A /* PropertyWrappers.swift */ = {isa = PBXFileReference; lastKnownFileType = sourcecode.swift; path = PropertyWrappers.swift; sourceTree = "<group>"; };
		8A5AC0552CE3349D003CBC1A /* maperror.swift */ = {isa = PBXFileReference; lastKnownFileType = sourcecode.swift; path = maperror.swift; sourceTree = "<group>"; };
		8A5AC0E92CEC33EF003CBC1A /* swifttesting.swift */ = {isa = PBXFileReference; lastKnownFileType = sourcecode.swift; path = swifttesting.swift; sourceTree = "<group>"; };
		8A5AC0EC2CEC885B003CBC1A /* AsyncAwaitTests.swift */ = {isa = PBXFileReference; lastKnownFileType = sourcecode.swift; path = AsyncAwaitTests.swift; sourceTree = "<group>"; };
		8A5B3C012D24B378002C6A28 /* Senario.swift */ = {isa = PBXFileReference; lastKnownFileType = sourcecode.swift; path = Senario.swift; sourceTree = "<group>"; };
		8A5B3C042D24C091002C6A28 /* TasksTests.swift */ = {isa = PBXFileReference; lastKnownFileType = sourcecode.swift; path = TasksTests.swift; sourceTree = "<group>"; };
		8A5B3C082D24DC58002C6A28 /* SenarioTests.swift */ = {isa = PBXFileReference; lastKnownFileType = sourcecode.swift; path = SenarioTests.swift; sourceTree = "<group>"; };
		8A5B3C0B2D296AE0002C6A28 /* LongLiveStream.swift */ = {isa = PBXFileReference; lastKnownFileType = sourcecode.swift; path = LongLiveStream.swift; sourceTree = "<group>"; };
		8A5B3C0F2D2974FA002C6A28 /* LongLiveStreamTests.swift */ = {isa = PBXFileReference; lastKnownFileType = sourcecode.swift; path = LongLiveStreamTests.swift; sourceTree = "<group>"; };
		8A5B3C112D297973002C6A28 /* ReceivingData.swift */ = {isa = PBXFileReference; lastKnownFileType = sourcecode.swift; path = ReceivingData.swift; sourceTree = "<group>"; };
		8A5B3C142D297AAE002C6A28 /* SendingReceivingDataTests.swift */ = {isa = PBXFileReference; lastKnownFileType = sourcecode.swift; path = SendingReceivingDataTests.swift; sourceTree = "<group>"; };
		8A5B3C162D297B92002C6A28 /* SendingData.swift */ = {isa = PBXFileReference; lastKnownFileType = sourcecode.swift; path = SendingData.swift; sourceTree = "<group>"; };
		8A5B3C192D2A0168002C6A28 /* Download.swift */ = {isa = PBXFileReference; lastKnownFileType = sourcecode.swift; path = Download.swift; sourceTree = "<group>"; };
		8A5B3C1C2D2A0209002C6A28 /* DownloadTests.swift */ = {isa = PBXFileReference; lastKnownFileType = sourcecode.swift; path = DownloadTests.swift; sourceTree = "<group>"; };
		8A5B3C1E2D2A2B2C002C6A28 /* ByteAccumulator.swift */ = {isa = PBXFileReference; lastKnownFileType = sourcecode.swift; path = ByteAccumulator.swift; sourceTree = "<group>"; };
		8A5B3C212D2A2B32002C6A28 /* Utility.swift */ = {isa = PBXFileReference; lastKnownFileType = sourcecode.swift; path = Utility.swift; sourceTree = "<group>"; };
		8A5B3C242D2C8CA8002C6A28 /* MainActor.swift */ = {isa = PBXFileReference; lastKnownFileType = sourcecode.swift; path = MainActor.swift; sourceTree = "<group>"; };
		8A686A6A2BD32DB700B38E22 /* Programming */ = {isa = PBXFileReference; explicitFileType = "compiled.mach-o.executable"; includeInIndex = 0; path = Programming; sourceTree = BUILT_PRODUCTS_DIR; };
		8A686A6D2BD32DB700B38E22 /* main.swift */ = {isa = PBXFileReference; lastKnownFileType = sourcecode.swift; path = main.swift; sourceTree = "<group>"; };
		8A686A832BD32E2100B38E22 /* Lambda.swift */ = {isa = PBXFileReference; lastKnownFileType = sourcecode.swift; path = Lambda.swift; sourceTree = "<group>"; };
		8A686A852BD32E2100B38E22 /* Loop.swift */ = {isa = PBXFileReference; lastKnownFileType = sourcecode.swift; path = Loop.swift; sourceTree = "<group>"; };
		8A686A872BD32E2100B38E22 /* MemoryManagement.swift */ = {isa = PBXFileReference; lastKnownFileType = sourcecode.swift; path = MemoryManagement.swift; sourceTree = "<group>"; };
		8A686A8F2BD32E7400B38E22 /* ProgrammingTests.xctest */ = {isa = PBXFileReference; explicitFileType = wrapper.cfbundle; includeInIndex = 0; path = ProgrammingTests.xctest; sourceTree = BUILT_PRODUCTS_DIR; };
		8A686A962BD32EB500B38E22 /* SwitchTests.swift */ = {isa = PBXFileReference; lastKnownFileType = sourcecode.swift; path = SwitchTests.swift; sourceTree = "<group>"; };
		8A686AA12BD34EE300B38E22 /* Switch.swift */ = {isa = PBXFileReference; lastKnownFileType = sourcecode.swift; path = Switch.swift; sourceTree = "<group>"; };
		8A686AA52BD3590700B38E22 /* Inheritance.swift */ = {isa = PBXFileReference; fileEncoding = 4; lastKnownFileType = sourcecode.swift; name = Inheritance.swift; path = classes/Inheritance.swift; sourceTree = SOURCE_ROOT; };
		8A686AA62BD3590700B38E22 /* Interfaces.swift */ = {isa = PBXFileReference; fileEncoding = 4; lastKnownFileType = sourcecode.swift; name = Interfaces.swift; path = classes/Interfaces.swift; sourceTree = SOURCE_ROOT; };
		8A686AAC2BD3C5F100B38E22 /* ProtocolProgramming.swift */ = {isa = PBXFileReference; lastKnownFileType = sourcecode.swift; path = ProtocolProgramming.swift; sourceTree = "<group>"; };
		8A686AB02BD53D1900B38E22 /* AsyncAwait.swift */ = {isa = PBXFileReference; lastKnownFileType = sourcecode.swift; path = AsyncAwait.swift; sourceTree = "<group>"; };
		8A686AB42BD6216100B38E22 /* Exception.swift */ = {isa = PBXFileReference; lastKnownFileType = sourcecode.swift; path = Exception.swift; sourceTree = "<group>"; };
		8A6EA1B42BFABF39005E1293 /* FunctionGeneric.swift */ = {isa = PBXFileReference; lastKnownFileType = sourcecode.swift; path = FunctionGeneric.swift; sourceTree = "<group>"; };
		8A6EA1B62BFB0833005E1293 /* ClassGeneric.swift */ = {isa = PBXFileReference; lastKnownFileType = sourcecode.swift; path = ClassGeneric.swift; sourceTree = "<group>"; };
		8A6EA1B82BFB1CAC005E1293 /* ValueReference.swift */ = {isa = PBXFileReference; lastKnownFileType = sourcecode.swift; path = ValueReference.swift; sourceTree = "<group>"; };
		8A92DA492D5472E50088E5B9 /* LazyType.swift */ = {isa = PBXFileReference; lastKnownFileType = sourcecode.swift; path = LazyType.swift; sourceTree = "<group>"; };
		8A9D36D52C80236700D56018 /* ARC.swift */ = {isa = PBXFileReference; lastKnownFileType = sourcecode.swift; path = ARC.swift; sourceTree = "<group>"; };
		8A9D36D92C80259100D56018 /* ARCTests.swift */ = {isa = PBXFileReference; lastKnownFileType = sourcecode.swift; path = ARCTests.swift; sourceTree = "<group>"; };
		8AB12B622BF36802002CADFD /* Guard.swift */ = {isa = PBXFileReference; lastKnownFileType = sourcecode.swift; path = Guard.swift; sourceTree = "<group>"; };
		8AB12B6C2BF375C6002CADFD /* Lazy.swift */ = {isa = PBXFileReference; lastKnownFileType = sourcecode.swift; path = Lazy.swift; sourceTree = "<group>"; };
		8AB12B6F2BF375CF002CADFD /* LazyTests.swift */ = {isa = PBXFileReference; lastKnownFileType = sourcecode.swift; path = LazyTests.swift; sourceTree = "<group>"; };
		8AB12B722BF396F8002CADFD /* StructType.swift */ = {isa = PBXFileReference; lastKnownFileType = sourcecode.swift; path = StructType.swift; sourceTree = "<group>"; };
		8AB12B762BF3974C002CADFD /* StructTypeTests.swift */ = {isa = PBXFileReference; lastKnownFileType = sourcecode.swift; path = StructTypeTests.swift; sourceTree = "<group>"; };
		8AB12B792BF3AA4A002CADFD /* Closure.swift */ = {isa = PBXFileReference; lastKnownFileType = sourcecode.swift; path = Closure.swift; sourceTree = "<group>"; };
		8AB12B7C2BF7A167002CADFD /* Collection.swift */ = {isa = PBXFileReference; lastKnownFileType = sourcecode.swift; path = Collection.swift; sourceTree = "<group>"; };
		8AB12B7F2BF7A237002CADFD /* TypeTests.swift */ = {isa = PBXFileReference; lastKnownFileType = sourcecode.swift; path = TypeTests.swift; sourceTree = "<group>"; };
		8ABE51602D1ACC51006362FE /* Boxed.swift */ = {isa = PBXFileReference; lastKnownFileType = sourcecode.swift; path = Boxed.swift; sourceTree = "<group>"; };
		8AC80B142CE39B35000317A3 /* String.swift */ = {isa = PBXFileReference; lastKnownFileType = sourcecode.swift; path = String.swift; sourceTree = "<group>"; };
		8AD11F802C8FA1F4002B5D41 /* OpaqueBoxedProtocol.swift */ = {isa = PBXFileReference; lastKnownFileType = sourcecode.swift; path = OpaqueBoxedProtocol.swift; sourceTree = "<group>"; };
		8AD11F842C8FAFD2002B5D41 /* OpaqueBoxedProtocolTests.swift */ = {isa = PBXFileReference; lastKnownFileType = sourcecode.swift; path = OpaqueBoxedProtocolTests.swift; sourceTree = "<group>"; };
		8AD18D172BFCDF2400080AF3 /* ProtocolGeneric.swift */ = {isa = PBXFileReference; lastKnownFileType = sourcecode.swift; path = ProtocolGeneric.swift; sourceTree = "<group>"; };
		8AD18D192BFD593B00080AF3 /* VariadicFunction.swift */ = {isa = PBXFileReference; lastKnownFileType = sourcecode.swift; path = VariadicFunction.swift; sourceTree = "<group>"; };
		8AD18D232C00D4C100080AF3 /* CollectionTypeTests.swift */ = {isa = PBXFileReference; lastKnownFileType = sourcecode.swift; path = CollectionTypeTests.swift; sourceTree = "<group>"; };
		8AD18D262C00D62500080AF3 /* CollectionType.swift */ = {isa = PBXFileReference; lastKnownFileType = sourcecode.swift; path = CollectionType.swift; sourceTree = "<group>"; };
		8AD18D2D2C01D35E00080AF3 /* LambdaTests.swift */ = {isa = PBXFileReference; lastKnownFileType = sourcecode.swift; path = LambdaTests.swift; sourceTree = "<group>"; };
		8ADF4E522D354B5D009B5A7D /* AsyncStreamExample.swift */ = {isa = PBXFileReference; lastKnownFileType = sourcecode.swift; path = AsyncStreamExample.swift; sourceTree = "<group>"; };
		8ADF4E552D35BA38009B5A7D /* Continuations.swift */ = {isa = PBXFileReference; lastKnownFileType = sourcecode.swift; path = Continuations.swift; sourceTree = "<group>"; };
		8ADF4E582D384918009B5A7D /* TaskGroupDiffType.swift */ = {isa = PBXFileReference; lastKnownFileType = sourcecode.swift; path = TaskGroupDiffType.swift; sourceTree = "<group>"; };
		8ADF4E5B2D385299009B5A7D /* TaskGroupDiscard.swift */ = {isa = PBXFileReference; lastKnownFileType = sourcecode.swift; path = TaskGroupDiscard.swift; sourceTree = "<group>"; };
		8ADF4E642D3A8A78009B5A7D /* ActorTests.swift */ = {isa = PBXFileReference; lastKnownFileType = sourcecode.swift; path = ActorTests.swift; sourceTree = "<group>"; };
		8ADF4E662D3B0DFD009B5A7D /* DecodingJson.swift */ = {isa = PBXFileReference; lastKnownFileType = sourcecode.swift; path = DecodingJson.swift; sourceTree = "<group>"; };
		8AF4B5922C6ADC4E0087956A /* Properties.swift */ = {isa = PBXFileReference; lastKnownFileType = sourcecode.swift; path = Properties.swift; sourceTree = "<group>"; };
		8AF4B5972C70288D0087956A /* Tasks.swift */ = {isa = PBXFileReference; lastKnownFileType = sourcecode.swift; path = Tasks.swift; sourceTree = "<group>"; };
		8AF830372CC74D2800B31278 /* Type.swift */ = {isa = PBXFileReference; lastKnownFileType = sourcecode.swift; path = Type.swift; sourceTree = "<group>"; };
		8AF8303B2CC7544E00B31278 /* Debug.swift */ = {isa = PBXFileReference; lastKnownFileType = sourcecode.swift; path = Debug.swift; sourceTree = "<group>"; };
		8AFFF23A2D38D9E30083F276 /* ActorExample.swift */ = {isa = PBXFileReference; lastKnownFileType = sourcecode.swift; path = ActorExample.swift; sourceTree = "<group>"; };
		8AFFF23D2D38F3B60083F276 /* ActorIsolateFunc.swift */ = {isa = PBXFileReference; lastKnownFileType = sourcecode.swift; path = ActorIsolateFunc.swift; sourceTree = "<group>"; };
		8AFFF2402D38F4150083F276 /* ActorNonisolated.swift */ = {isa = PBXFileReference; lastKnownFileType = sourcecode.swift; path = ActorNonisolated.swift; sourceTree = "<group>"; };
		8AFFF2472D3A5F700083F276 /* ActorReentrancy.swift */ = {isa = PBXFileReference; lastKnownFileType = sourcecode.swift; path = ActorReentrancy.swift; sourceTree = "<group>"; };
/* End PBXFileReference section */

/* Begin PBXFrameworksBuildPhase section */
		8A686A672BD32DB700B38E22 /* Frameworks */ = {
			isa = PBXFrameworksBuildPhase;
			buildActionMask = 2147483647;
			files = (
			);
			runOnlyForDeploymentPostprocessing = 0;
		};
		8A686A8C2BD32E7400B38E22 /* Frameworks */ = {
			isa = PBXFrameworksBuildPhase;
			buildActionMask = 2147483647;
			files = (
			);
			runOnlyForDeploymentPostprocessing = 0;
		};
/* End PBXFrameworksBuildPhase section */

/* Begin PBXGroup section */
		8A36A0392C7C39AB00C33475 /* Generic */ = {
			isa = PBXGroup;
			children = (
				8A36A03A2C7C39CC00C33475 /* FunctionGenericTests.swift */,
			);
			path = Generic;
			sourceTree = "<group>";
		};
		8A5ABFB72CDB55D3003CBC1A /* Macro */ = {
			isa = PBXGroup;
			children = (
				8A5ABFB82CDB55E5003CBC1A /* PropertyWrappers.swift */,
			);
			path = Macro;
			sourceTree = "<group>";
		};
		8A5AC0EB2CEC8842003CBC1A /* Concurrency */ = {
			isa = PBXGroup;
			children = (
				8ADF4E642D3A8A78009B5A7D /* ActorTests.swift */,
				8A5AC0EC2CEC885B003CBC1A /* AsyncAwaitTests.swift */,
				8A5B3C042D24C091002C6A28 /* TasksTests.swift */,
				8A1ADFF92D2BDBDB0038F96B /* TaskLocalExampleTests.swift */,
				8A5B3C082D24DC58002C6A28 /* SenarioTests.swift */,
				8A1AE0062D2CD7480038F96B /* AsyncSteamTests.swift */,
			);
			path = Concurrency;
			sourceTree = "<group>";
		};
		8A5B3C0A2D296AC4002C6A28 /* Network */ = {
			isa = PBXGroup;
			children = (
				8A0FF8E62D310A1E003ACC69 /* AsyncSequenceExample.swift */,
				8A0FF8E92D34EDE3003ACC69 /* CustomAsyncSequence.swift */,
				8A0FF8EC2D3510D2003ACC69 /* AsyncToSequence.swift */,
				8ADF4E522D354B5D009B5A7D /* AsyncStreamExample.swift */,
				8A5B3C1E2D2A2B2C002C6A28 /* ByteAccumulator.swift */,
				8A5B3C212D2A2B32002C6A28 /* Utility.swift */,
				8A5B3C192D2A0168002C6A28 /* Download.swift */,
				8A5B3C162D297B92002C6A28 /* SendingData.swift */,
				8A5B3C112D297973002C6A28 /* ReceivingData.swift */,
				8A5B3C0B2D296AE0002C6A28 /* LongLiveStream.swift */,
				8A0FF8E02D2D052A003ACC69 /* CustomSession.swift */,
				8ADF4E662D3B0DFD009B5A7D /* DecodingJson.swift */,
			);
			path = Network;
			sourceTree = "<group>";
		};
		8A5B3C0E2D2974EC002C6A28 /* Network */ = {
			isa = PBXGroup;
			children = (
				8A5B3C1C2D2A0209002C6A28 /* DownloadTests.swift */,
				8A5B3C142D297AAE002C6A28 /* SendingReceivingDataTests.swift */,
				8A5B3C0F2D2974FA002C6A28 /* LongLiveStreamTests.swift */,
			);
			path = Network;
			sourceTree = "<group>";
		};
		8A686A612BD32DB700B38E22 = {
			isa = PBXGroup;
			children = (
				8A686A6C2BD32DB700B38E22 /* Programming */,
				8A686A6D2BD32DB700B38E22 /* main.swift */,
				8A686A902BD32E7400B38E22 /* ProgrammingTests */,
				8A686A6B2BD32DB700B38E22 /* Products */,
			);
			sourceTree = "<group>";
		};
		8A686A6B2BD32DB700B38E22 /* Products */ = {
			isa = PBXGroup;
			children = (
				8A686A6A2BD32DB700B38E22 /* Programming */,
				8A686A8F2BD32E7400B38E22 /* ProgrammingTests.xctest */,
			);
			name = Products;
			sourceTree = "<group>";
		};
		8A686A6C2BD32DB700B38E22 /* Programming */ = {
			isa = PBXGroup;
			children = (
				8A9D36D42C80233F00D56018 /* Memory */,
				8AD18D1B2C00C4D200080AF3 /* Collection */,
				8A6EA1B32BFABE9C005E1293 /* Generic */,
				8A686A842BD32E2100B38E22 /* Basic */,
				8A686AB32BD6214800B38E22 /* Errorhandling */,
				8A686AAF2BD53C9800B38E22 /* Concurrency */,
				8A5B3C0A2D296AC4002C6A28 /* Network */,
				8A686A822BD32E2100B38E22 /* FunctionalProgramming */,
				8A686A862BD32E2100B38E22 /* Resource */,
				8A686AA42BD358E600B38E22 /* Classes */,
				8A686AAB2BD3C56F00B38E22 /* POP */,
				8AB12B642BF3728B002CADFD /* Performance */,
				8A5ABFB72CDB55D3003CBC1A /* Macro */,
				8AF8303A2CC7543D00B31278 /* Debug */,
			);
			path = Programming;
			sourceTree = "<group>";
		};
		8A686A822BD32E2100B38E22 /* FunctionalProgramming */ = {
			isa = PBXGroup;
			children = (
				8A686A832BD32E2100B38E22 /* Lambda.swift */,
				8A5AC0552CE3349D003CBC1A /* maperror.swift */,
				8AB12B792BF3AA4A002CADFD /* Closure.swift */,
				8A2206F72C5237F100EC2FE5 /* FunctionProgramming.swift */,
			);
			path = FunctionalProgramming;
			sourceTree = "<group>";
		};
		8A686A842BD32E2100B38E22 /* Basic */ = {
			isa = PBXGroup;
			children = (
				8AC80B142CE39B35000317A3 /* String.swift */,
				8AF830372CC74D2800B31278 /* Type.swift */,
				8A686A852BD32E2100B38E22 /* Loop.swift */,
				8A686AA12BD34EE300B38E22 /* Switch.swift */,
				8AB12B7C2BF7A167002CADFD /* Collection.swift */,
				8A6EA1B82BFB1CAC005E1293 /* ValueReference.swift */,
				8AD18D192BFD593B00080AF3 /* VariadicFunction.swift */,
				8AF4B5922C6ADC4E0087956A /* Properties.swift */,
			);
			path = Basic;
			sourceTree = "<group>";
		};
		8A686A862BD32E2100B38E22 /* Resource */ = {
			isa = PBXGroup;
			children = (
				8A686A872BD32E2100B38E22 /* MemoryManagement.swift */,
			);
			path = Resource;
			sourceTree = "<group>";
		};
		8A686A902BD32E7400B38E22 /* ProgrammingTests */ = {
			isa = PBXGroup;
			children = (
				8A5AC0E92CEC33EF003CBC1A /* swifttesting.swift */,
				8A5AC0EB2CEC8842003CBC1A /* Concurrency */,
				8A5B3C0E2D2974EC002C6A28 /* Network */,
				8AD11F832C8FAFB1002B5D41 /* POP */,
				8A9D36D82C80257D00D56018 /* Memory */,
				8A36A0392C7C39AB00C33475 /* Generic */,
				8AD18D2C2C01D20A00080AF3 /* FunctionProgramming */,
				8AD18D1E2C00C5BD00080AF3 /* Collection */,
				8AB12B752BF3973A002CADFD /* Classes */,
				8A686A982BD32EBC00B38E22 /* Basic */,
				8AB12B672BF37336002CADFD /* Performance */,
			);
			path = ProgrammingTests;
			sourceTree = "<group>";
		};
		8A686A982BD32EBC00B38E22 /* Basic */ = {
			isa = PBXGroup;
			children = (
				8A686A962BD32EB500B38E22 /* SwitchTests.swift */,
				8AB12B7F2BF7A237002CADFD /* TypeTests.swift */,
			);
			path = Basic;
			sourceTree = "<group>";
		};
		8A686AA42BD358E600B38E22 /* Classes */ = {
			isa = PBXGroup;
			children = (
				8ABE51602D1ACC51006362FE /* Boxed.swift */,
				8A06961F2CEB68180036DEA1 /* Opaque.swift */,
				8A5ABFB42CDB41AA003CBC1A /* Operator.swift */,
				8A686AA52BD3590700B38E22 /* Inheritance.swift */,
				8A686AA62BD3590700B38E22 /* Interfaces.swift */,
				8AB12B722BF396F8002CADFD /* StructType.swift */,
			);
			path = Classes;
			sourceTree = "<group>";
		};
		8A686AAB2BD3C56F00B38E22 /* POP */ = {
			isa = PBXGroup;
			children = (
				8A686AAC2BD3C5F100B38E22 /* ProtocolProgramming.swift */,
				8AD11F802C8FA1F4002B5D41 /* OpaqueBoxedProtocol.swift */,
			);
			path = POP;
			sourceTree = "<group>";
		};
		8A686AAF2BD53C9800B38E22 /* Concurrency */ = {
			isa = PBXGroup;
			children = (
				8A686AB02BD53D1900B38E22 /* AsyncAwait.swift */,
				8ADF4E552D35BA38009B5A7D /* Continuations.swift */,
				8AF4B5972C70288D0087956A /* Tasks.swift */,
				8A0FF8F22D3655C2003ACC69 /* TaskGroup.swift */,
				8A0FF8F52D367178003ACC69 /* TaskGroupCancel.swift */,
				8ADF4E582D384918009B5A7D /* TaskGroupDiffType.swift */,
				8ADF4E5B2D385299009B5A7D /* TaskGroupDiscard.swift */,
				8A1ADFF62D2BCD8D0038F96B /* TaskLocalExample.swift */,
				8AFFF23A2D38D9E30083F276 /* ActorExample.swift */,
				8AFFF23D2D38F3B60083F276 /* ActorIsolateFunc.swift */,
				8AFFF2402D38F4150083F276 /* ActorNonisolated.swift */,
				8A36A0362C74047A00C33475 /* ActorWorker.swift */,
				8A5B3C242D2C8CA8002C6A28 /* MainActor.swift */,
				8A0FF8EF2D3601E2003ACC69 /* ActorContext.swift */,
				8AFFF2472D3A5F700083F276 /* ActorReentrancy.swift */,
				8A5B3C012D24B378002C6A28 /* Senario.swift */,
				8A1AE0002D2CC7E10038F96B /* TimerExample.swift */,
			);
			path = Concurrency;
			sourceTree = "<group>";
		};
		8A686AB32BD6214800B38E22 /* Errorhandling */ = {
			isa = PBXGroup;
			children = (
				8A686AB42BD6216100B38E22 /* Exception.swift */,
				8AB12B622BF36802002CADFD /* Guard.swift */,
			);
			path = Errorhandling;
			sourceTree = "<group>";
		};
		8A6EA1B32BFABE9C005E1293 /* Generic */ = {
			isa = PBXGroup;
			children = (
				8A6EA1B42BFABF39005E1293 /* FunctionGeneric.swift */,
				8A6EA1B62BFB0833005E1293 /* ClassGeneric.swift */,
				8AD18D172BFCDF2400080AF3 /* ProtocolGeneric.swift */,
			);
			path = Generic;
			sourceTree = "<group>";
		};
		8A9D36D42C80233F00D56018 /* Memory */ = {
			isa = PBXGroup;
			children = (
				8A9D36D52C80236700D56018 /* ARC.swift */,
			);
			path = Memory;
			sourceTree = "<group>";
		};
		8A9D36D82C80257D00D56018 /* Memory */ = {
			isa = PBXGroup;
			children = (
				8A9D36D92C80259100D56018 /* ARCTests.swift */,
			);
			path = Memory;
			sourceTree = "<group>";
		};
		8AB12B642BF3728B002CADFD /* Performance */ = {
			isa = PBXGroup;
			children = (
				8AB12B6C2BF375C6002CADFD /* Lazy.swift */,
				8A92DA492D5472E50088E5B9 /* LazyType.swift */,
			);
			path = Performance;
			sourceTree = "<group>";
		};
		8AB12B672BF37336002CADFD /* Performance */ = {
			isa = PBXGroup;
			children = (
				8AB12B6F2BF375CF002CADFD /* LazyTests.swift */,
			);
			path = Performance;
			sourceTree = "<group>";
		};
		8AB12B752BF3973A002CADFD /* Classes */ = {
			isa = PBXGroup;
			children = (
				8AB12B762BF3974C002CADFD /* StructTypeTests.swift */,
			);
			path = Classes;
			sourceTree = "<group>";
		};
		8AD11F832C8FAFB1002B5D41 /* POP */ = {
			isa = PBXGroup;
			children = (
				8AD11F842C8FAFD2002B5D41 /* OpaqueBoxedProtocolTests.swift */,
			);
			path = POP;
			sourceTree = "<group>";
		};
		8AD18D1B2C00C4D200080AF3 /* Collection */ = {
			isa = PBXGroup;
			children = (
				8AD18D262C00D62500080AF3 /* CollectionType.swift */,
			);
			path = Collection;
			sourceTree = "<group>";
		};
		8AD18D1E2C00C5BD00080AF3 /* Collection */ = {
			isa = PBXGroup;
			children = (
				8AD18D232C00D4C100080AF3 /* CollectionTypeTests.swift */,
			);
			path = Collection;
			sourceTree = "<group>";
		};
		8AD18D2C2C01D20A00080AF3 /* FunctionProgramming */ = {
			isa = PBXGroup;
			children = (
				8AD18D2D2C01D35E00080AF3 /* LambdaTests.swift */,
				8A36A03D2C7C6D9D00C33475 /* ClosureTests.swift */,
			);
			path = FunctionProgramming;
			sourceTree = "<group>";
		};
		8AF8303A2CC7543D00B31278 /* Debug */ = {
			isa = PBXGroup;
			children = (
				8AF8303B2CC7544E00B31278 /* Debug.swift */,
			);
			path = Debug;
			sourceTree = "<group>";
		};
/* End PBXGroup section */

/* Begin PBXNativeTarget section */
		8A686A692BD32DB700B38E22 /* Programming */ = {
			isa = PBXNativeTarget;
			buildConfigurationList = 8A686A712BD32DB700B38E22 /* Build configuration list for PBXNativeTarget "Programming" */;
			buildPhases = (
				8A686A662BD32DB700B38E22 /* Sources */,
				8A686A672BD32DB700B38E22 /* Frameworks */,
				8A686A682BD32DB700B38E22 /* CopyFiles */,
			);
			buildRules = (
			);
			dependencies = (
			);
			name = Programming;
			productName = Programming;
			productReference = 8A686A6A2BD32DB700B38E22 /* Programming */;
			productType = "com.apple.product-type.tool";
		};
		8A686A8E2BD32E7400B38E22 /* ProgrammingTests */ = {
			isa = PBXNativeTarget;
			buildConfigurationList = 8A686A932BD32E7400B38E22 /* Build configuration list for PBXNativeTarget "ProgrammingTests" */;
			buildPhases = (
				8A686A8B2BD32E7400B38E22 /* Sources */,
				8A686A8C2BD32E7400B38E22 /* Frameworks */,
				8A686A8D2BD32E7400B38E22 /* Resources */,
			);
			buildRules = (
			);
			dependencies = (
			);
			name = ProgrammingTests;
			productName = ProgrammingTests;
			productReference = 8A686A8F2BD32E7400B38E22 /* ProgrammingTests.xctest */;
			productType = "com.apple.product-type.bundle.unit-test";
		};
/* End PBXNativeTarget section */

/* Begin PBXProject section */
		8A686A622BD32DB700B38E22 /* Project object */ = {
			isa = PBXProject;
			attributes = {
				BuildIndependentTargetsInParallel = 1;
				LastSwiftUpdateCheck = 1530;
				LastUpgradeCheck = 1530;
				TargetAttributes = {
					8A686A692BD32DB700B38E22 = {
						CreatedOnToolsVersion = 15.3;
					};
					8A686A8E2BD32E7400B38E22 = {
						CreatedOnToolsVersion = 15.3;
					};
				};
			};
			buildConfigurationList = 8A686A652BD32DB700B38E22 /* Build configuration list for PBXProject "Programming" */;
			compatibilityVersion = "Xcode 14.0";
			developmentRegion = en;
			hasScannedForEncodings = 0;
			knownRegions = (
				en,
				Base,
			);
			mainGroup = 8A686A612BD32DB700B38E22;
			productRefGroup = 8A686A6B2BD32DB700B38E22 /* Products */;
			projectDirPath = "";
			projectRoot = "";
			targets = (
				8A686A692BD32DB700B38E22 /* Programming */,
				8A686A8E2BD32E7400B38E22 /* ProgrammingTests */,
			);
		};
/* End PBXProject section */

/* Begin PBXResourcesBuildPhase section */
		8A686A8D2BD32E7400B38E22 /* Resources */ = {
			isa = PBXResourcesBuildPhase;
			buildActionMask = 2147483647;
			files = (
			);
			runOnlyForDeploymentPostprocessing = 0;
		};
/* End PBXResourcesBuildPhase section */

/* Begin PBXSourcesBuildPhase section */
		8A686A662BD32DB700B38E22 /* Sources */ = {
			isa = PBXSourcesBuildPhase;
			buildActionMask = 2147483647;
			files = (
				8A686AA72BD3590700B38E22 /* Inheritance.swift in Sources */,
				8AB12B6D2BF375C6002CADFD /* Lazy.swift in Sources */,
				8A686AAD2BD3C5F100B38E22 /* ProtocolProgramming.swift in Sources */,
				8AB12B7D2BF7A167002CADFD /* Collection.swift in Sources */,
				8ADF4E5A2D384920009B5A7D /* TaskGroupDiffType.swift in Sources */,
				8A686AB12BD53D1900B38E22 /* AsyncAwait.swift in Sources */,
				8ADF4E682D3B0E02009B5A7D /* DecodingJson.swift in Sources */,
				8AD11F812C8FA1F4002B5D41 /* OpaqueBoxedProtocol.swift in Sources */,
				8A0FF8EE2D3510E8003ACC69 /* AsyncToSequence.swift in Sources */,
				8AD18D272C00D62500080AF3 /* CollectionType.swift in Sources */,
				8A9D36D62C80236700D56018 /* ARC.swift in Sources */,
				8A6EA1B92BFB1CAC005E1293 /* ValueReference.swift in Sources */,
				8A5B3C1B2D2A016E002C6A28 /* Download.swift in Sources */,
				8A0FF8E72D310A27003ACC69 /* AsyncSequenceExample.swift in Sources */,
				8A5B3C032D24B382002C6A28 /* Senario.swift in Sources */,
				8A2AFCCD2C5247D6004DCD4F /* FunctionProgramming.swift in Sources */,
				8A36A0372C74047A00C33475 /* ActorWorker.swift in Sources */,
				8A1AE0012D2CC7E60038F96B /* TimerExample.swift in Sources */,
				8AF830392CC74D2C00B31278 /* Type.swift in Sources */,
				8A5B3C232D2A2B34002C6A28 /* Utility.swift in Sources */,
				8A5B3C202D2A2B2E002C6A28 /* ByteAccumulator.swift in Sources */,
				8AB12B732BF396F8002CADFD /* StructType.swift in Sources */,
				8AB12B7A2BF3AA4A002CADFD /* Closure.swift in Sources */,
				8AFFF2422D38F4150083F276 /* ActorNonisolated.swift in Sources */,
				8A0FF8E12D2D0543003ACC69 /* CustomSession.swift in Sources */,
				8AF8303D2CC7545200B31278 /* Debug.swift in Sources */,
				8A0FF8F12D3601E8003ACC69 /* ActorContext.swift in Sources */,
				8A0FF8EB2D34EDEE003ACC69 /* CustomAsyncSequence.swift in Sources */,
				8A5B3C182D297B96002C6A28 /* SendingData.swift in Sources */,
				8ADF4E5C2D3852B0009B5A7D /* TaskGroupDiscard.swift in Sources */,
				8A0FF8F62D36717F003ACC69 /* TaskGroupCancel.swift in Sources */,
				8AB12B632BF36802002CADFD /* Guard.swift in Sources */,
				8A686A892BD32E2100B38E22 /* Lambda.swift in Sources */,
				8A92DA4B2D5472EB0088E5B9 /* LazyType.swift in Sources */,
				8A5B3C132D2979DD002C6A28 /* ReceivingData.swift in Sources */,
				8A5AC0572CE334A2003CBC1A /* maperror.swift in Sources */,
				8AF4B5982C70288D0087956A /* Tasks.swift in Sources */,
				8A6EA1B52BFABF39005E1293 /* FunctionGeneric.swift in Sources */,
				8A1ADFF72D2BCDA40038F96B /* TaskLocalExample.swift in Sources */,
				8A686A8A2BD32E2100B38E22 /* MemoryManagement.swift in Sources */,
				8AFFF23B2D38D9EE0083F276 /* ActorExample.swift in Sources */,
				8A6EA1B72BFB0833005E1293 /* ClassGeneric.swift in Sources */,
				8A686AB52BD6216100B38E22 /* Exception.swift in Sources */,
				8AD18D182BFCDF2400080AF3 /* ProtocolGeneric.swift in Sources */,
				8A686AA92BD3590700B38E22 /* Interfaces.swift in Sources */,
				8A5B3C262D2C8CAB002C6A28 /* MainActor.swift in Sources */,
				8ADF4E532D354B64009B5A7D /* AsyncStreamExample.swift in Sources */,
				8A686A882BD32E2100B38E22 /* Loop.swift in Sources */,
				8ABE51622D1ACC54006362FE /* Boxed.swift in Sources */,
				8A0696202CEB68390036DEA1 /* Opaque.swift in Sources */,
				8AFFF23E2D38F3B60083F276 /* ActorIsolateFunc.swift in Sources */,
				8AF4B5932C6ADC4E0087956A /* Properties.swift in Sources */,
				8A686A6E2BD32DB700B38E22 /* main.swift in Sources */,
				8A5ABFBA2CDB55F5003CBC1A /* PropertyWrappers.swift in Sources */,
				8ADF4E572D35BA8D009B5A7D /* Continuations.swift in Sources */,
				8A5ABFB52CDB41B0003CBC1A /* Operator.swift in Sources */,
				8A686AA22BD34EE300B38E22 /* Switch.swift in Sources */,
				8A5B3C0D2D296B01002C6A28 /* LongLiveStream.swift in Sources */,
				8AFFF2492D3A5F7E0083F276 /* ActorReentrancy.swift in Sources */,
				8AC80B152CE39B39000317A3 /* String.swift in Sources */,
				8A0FF8F42D3655C9003ACC69 /* TaskGroup.swift in Sources */,
				8AD18D1A2BFD593B00080AF3 /* VariadicFunction.swift in Sources */,
			);
			runOnlyForDeploymentPostprocessing = 0;
		};
		8A686A8B2BD32E7400B38E22 /* Sources */ = {
			isa = PBXSourcesBuildPhase;
			buildActionMask = 2147483647;
			files = (
				8A686AA82BD3590700B38E22 /* Inheritance.swift in Sources */,
				8A686AAE2BD3C5F100B38E22 /* ProtocolProgramming.swift in Sources */,
				8AFFF2412D38F4150083F276 /* ActorNonisolated.swift in Sources */,
				8A0FF8F32D3655C9003ACC69 /* TaskGroup.swift in Sources */,
				8AB12B7B2BF3AA4A002CADFD /* Closure.swift in Sources */,
				8A5B3C122D2979DD002C6A28 /* ReceivingData.swift in Sources */,
				8A686AB22BD53D1900B38E22 /* AsyncAwait.swift in Sources */,
				8AD18D2F2C01D35E00080AF3 /* LambdaTests.swift in Sources */,
				8A5AC0562CE334A2003CBC1A /* maperror.swift in Sources */,
				8A686A9D2BD3359800B38E22 /* Lambda.swift in Sources */,
				8ADF4E592D384920009B5A7D /* TaskGroupDiffType.swift in Sources */,
				8AD18D2B2C00DF8D00080AF3 /* CollectionType.swift in Sources */,
				8AF830382CC74D2C00B31278 /* Type.swift in Sources */,
				8ADF4E5D2D3852B0009B5A7D /* TaskGroupDiscard.swift in Sources */,
				8A0FF8F02D3601E8003ACC69 /* ActorContext.swift in Sources */,
				8ADF4E652D3A8A7B009B5A7D /* ActorTests.swift in Sources */,
				8AB12B782BF3974C002CADFD /* StructTypeTests.swift in Sources */,
				8A5B3C222D2A2B34002C6A28 /* Utility.swift in Sources */,
				8A9D36DA2C80259100D56018 /* ARCTests.swift in Sources */,
				8A0FF8EA2D34EDEE003ACC69 /* CustomAsyncSequence.swift in Sources */,
				8AF4B5942C6ADC4E0087956A /* Properties.swift in Sources */,
				8A92DA4A2D5472EB0088E5B9 /* LazyType.swift in Sources */,
				8A36A0382C7404AE00C33475 /* ActorWorker.swift in Sources */,
				8A1AE0072D2CD74E0038F96B /* AsyncSteamTests.swift in Sources */,
				8A9D36D72C80236700D56018 /* ARC.swift in Sources */,
				8AFFF23C2D38D9EE0083F276 /* ActorExample.swift in Sources */,
				8A5B3C252D2C8CAB002C6A28 /* MainActor.swift in Sources */,
				8A5AC0ED2CEC8863003CBC1A /* AsyncAwaitTests.swift in Sources */,
				8AF8303C2CC7545200B31278 /* Debug.swift in Sources */,
				8A5B3C172D297B96002C6A28 /* SendingData.swift in Sources */,
				8ABE51612D1ACC54006362FE /* Boxed.swift in Sources */,
				8A686A9C2BD3354200B38E22 /* Loop.swift in Sources */,
				8A9D36D12C7DC6FF00D56018 /* main.swift in Sources */,
				8A0FF8F72D36717F003ACC69 /* TaskGroupCancel.swift in Sources */,
				8AB12B7E2BF7A167002CADFD /* Collection.swift in Sources */,
				8A5AC0EA2CEC33F6003CBC1A /* swifttesting.swift in Sources */,
				8A5B3C072D24C3DC002C6A28 /* Tasks.swift in Sources */,
				8AB12B6E2BF375C6002CADFD /* Lazy.swift in Sources */,
				8A5B3C052D24C098002C6A28 /* TasksTests.swift in Sources */,
				8A686AB62BD6216100B38E22 /* Exception.swift in Sources */,
				8A686AAA2BD3590700B38E22 /* Interfaces.swift in Sources */,
				8A686A972BD32EB500B38E22 /* SwitchTests.swift in Sources */,
				8A5B3C1D2D2A020F002C6A28 /* DownloadTests.swift in Sources */,
				8AB12B812BF7A237002CADFD /* TypeTests.swift in Sources */,
				8AD11F852C8FAFD2002B5D41 /* OpaqueBoxedProtocolTests.swift in Sources */,
				8A5ABFB62CDB41B0003CBC1A /* Operator.swift in Sources */,
				8AFFF2482D3A5F7E0083F276 /* ActorReentrancy.swift in Sources */,
				8AB12B742BF396F8002CADFD /* StructType.swift in Sources */,
				8A5B3C102D297516002C6A28 /* LongLiveStreamTests.swift in Sources */,
				8A5B3C022D24B382002C6A28 /* Senario.swift in Sources */,
				8ADF4E542D354B64009B5A7D /* AsyncStreamExample.swift in Sources */,
				8AB12B712BF375CF002CADFD /* LazyTests.swift in Sources */,
				8A5B3C152D297ABB002C6A28 /* SendingReceivingDataTests.swift in Sources */,
				8A36A03B2C7C39CC00C33475 /* FunctionGenericTests.swift in Sources */,
				8A686A9E2BD335FD00B38E22 /* MemoryManagement.swift in Sources */,
				8A5B3C1A2D2A016E002C6A28 /* Download.swift in Sources */,
				8A5ABFB92CDB55F5003CBC1A /* PropertyWrappers.swift in Sources */,
				8A1ADFFA2D2BDBE10038F96B /* TaskLocalExampleTests.swift in Sources */,
				8AD18D252C00D4C100080AF3 /* CollectionTypeTests.swift in Sources */,
				8A0FF8E82D310A27003ACC69 /* AsyncSequenceExample.swift in Sources */,
				8ADF4E562D35BA8D009B5A7D /* Continuations.swift in Sources */,
				8A1ADFF82D2BCDA40038F96B /* TaskLocalExample.swift in Sources */,
				8A0FF8ED2D3510E8003ACC69 /* AsyncToSequence.swift in Sources */,
				8A0FF8E22D2D0543003ACC69 /* CustomSession.swift in Sources */,
				8A5B3C1F2D2A2B2E002C6A28 /* ByteAccumulator.swift in Sources */,
				8A5B3C092D24DC60002C6A28 /* SenarioTests.swift in Sources */,
				8A1AE0022D2CC7E60038F96B /* TimerExample.swift in Sources */,
				8ADF4E672D3B0E02009B5A7D /* DecodingJson.swift in Sources */,
				8AC80B162CE39B39000317A3 /* String.swift in Sources */,
				8A686AA32BD34EE300B38E22 /* Switch.swift in Sources */,
				8A5B3C0C2D296B01002C6A28 /* LongLiveStream.swift in Sources */,
				8A36A03E2C7C6D9D00C33475 /* ClosureTests.swift in Sources */,
				8A2AFCCC2C5247D5004DCD4F /* FunctionProgramming.swift in Sources */,
				8A36A03C2C7C3A2600C33475 /* FunctionGeneric.swift in Sources */,
				8AFFF23F2D38F3B60083F276 /* ActorIsolateFunc.swift in Sources */,
				8AD11F822C8FA1F4002B5D41 /* OpaqueBoxedProtocol.swift in Sources */,
			);
			runOnlyForDeploymentPostprocessing = 0;
		};
/* End PBXSourcesBuildPhase section */

/* Begin XCBuildConfiguration section */
		8A686A6F2BD32DB700B38E22 /* Debug */ = {
			isa = XCBuildConfiguration;
			buildSettings = {
				ALWAYS_SEARCH_USER_PATHS = NO;
				ASSETCATALOG_COMPILER_GENERATE_SWIFT_ASSET_SYMBOL_EXTENSIONS = YES;
				CLANG_ANALYZER_NONNULL = YES;
				CLANG_ANALYZER_NUMBER_OBJECT_CONVERSION = YES_AGGRESSIVE;
				CLANG_CXX_LANGUAGE_STANDARD = "gnu++20";
				CLANG_ENABLE_MODULES = YES;
				CLANG_ENABLE_OBJC_ARC = YES;
				CLANG_ENABLE_OBJC_WEAK = YES;
				CLANG_WARN_BLOCK_CAPTURE_AUTORELEASING = YES;
				CLANG_WARN_BOOL_CONVERSION = YES;
				CLANG_WARN_COMMA = YES;
				CLANG_WARN_CONSTANT_CONVERSION = YES;
				CLANG_WARN_DEPRECATED_OBJC_IMPLEMENTATIONS = YES;
				CLANG_WARN_DIRECT_OBJC_ISA_USAGE = YES_ERROR;
				CLANG_WARN_DOCUMENTATION_COMMENTS = YES;
				CLANG_WARN_EMPTY_BODY = YES;
				CLANG_WARN_ENUM_CONVERSION = YES;
				CLANG_WARN_INFINITE_RECURSION = YES;
				CLANG_WARN_INT_CONVERSION = YES;
				CLANG_WARN_NON_LITERAL_NULL_CONVERSION = YES;
				CLANG_WARN_OBJC_IMPLICIT_RETAIN_SELF = YES;
				CLANG_WARN_OBJC_LITERAL_CONVERSION = YES;
				CLANG_WARN_OBJC_ROOT_CLASS = YES_ERROR;
				CLANG_WARN_QUOTED_INCLUDE_IN_FRAMEWORK_HEADER = YES;
				CLANG_WARN_RANGE_LOOP_ANALYSIS = YES;
				CLANG_WARN_STRICT_PROTOTYPES = YES;
				CLANG_WARN_SUSPICIOUS_MOVE = YES;
				CLANG_WARN_UNGUARDED_AVAILABILITY = YES_AGGRESSIVE;
				CLANG_WARN_UNREACHABLE_CODE = YES;
				CLANG_WARN__DUPLICATE_METHOD_MATCH = YES;
				COPY_PHASE_STRIP = NO;
				DEBUG_INFORMATION_FORMAT = dwarf;
				ENABLE_STRICT_OBJC_MSGSEND = YES;
				ENABLE_TESTABILITY = YES;
				ENABLE_USER_SCRIPT_SANDBOXING = YES;
				GCC_C_LANGUAGE_STANDARD = gnu17;
				GCC_DYNAMIC_NO_PIC = NO;
				GCC_NO_COMMON_BLOCKS = YES;
				GCC_OPTIMIZATION_LEVEL = 0;
				GCC_PREPROCESSOR_DEFINITIONS = (
					"DEBUG=1",
					"$(inherited)",
				);
				GCC_WARN_64_TO_32_BIT_CONVERSION = YES;
				GCC_WARN_ABOUT_RETURN_TYPE = YES_ERROR;
				GCC_WARN_UNDECLARED_SELECTOR = YES;
				GCC_WARN_UNINITIALIZED_AUTOS = YES_AGGRESSIVE;
				GCC_WARN_UNUSED_FUNCTION = YES;
				GCC_WARN_UNUSED_VARIABLE = YES;
				LOCALIZATION_PREFERS_STRING_CATALOGS = YES;
				MACOSX_DEPLOYMENT_TARGET = 14.4;
				MTL_ENABLE_DEBUG_INFO = INCLUDE_SOURCE;
				MTL_FAST_MATH = YES;
				ONLY_ACTIVE_ARCH = YES;
				SDKROOT = macosx;
				SWIFT_ACTIVE_COMPILATION_CONDITIONS = "DEBUG $(inherited)";
				SWIFT_OPTIMIZATION_LEVEL = "-Onone";
			};
			name = Debug;
		};
		8A686A702BD32DB700B38E22 /* Release */ = {
			isa = XCBuildConfiguration;
			buildSettings = {
				ALWAYS_SEARCH_USER_PATHS = NO;
				ASSETCATALOG_COMPILER_GENERATE_SWIFT_ASSET_SYMBOL_EXTENSIONS = YES;
				CLANG_ANALYZER_NONNULL = YES;
				CLANG_ANALYZER_NUMBER_OBJECT_CONVERSION = YES_AGGRESSIVE;
				CLANG_CXX_LANGUAGE_STANDARD = "gnu++20";
				CLANG_ENABLE_MODULES = YES;
				CLANG_ENABLE_OBJC_ARC = YES;
				CLANG_ENABLE_OBJC_WEAK = YES;
				CLANG_WARN_BLOCK_CAPTURE_AUTORELEASING = YES;
				CLANG_WARN_BOOL_CONVERSION = YES;
				CLANG_WARN_COMMA = YES;
				CLANG_WARN_CONSTANT_CONVERSION = YES;
				CLANG_WARN_DEPRECATED_OBJC_IMPLEMENTATIONS = YES;
				CLANG_WARN_DIRECT_OBJC_ISA_USAGE = YES_ERROR;
				CLANG_WARN_DOCUMENTATION_COMMENTS = YES;
				CLANG_WARN_EMPTY_BODY = YES;
				CLANG_WARN_ENUM_CONVERSION = YES;
				CLANG_WARN_INFINITE_RECURSION = YES;
				CLANG_WARN_INT_CONVERSION = YES;
				CLANG_WARN_NON_LITERAL_NULL_CONVERSION = YES;
				CLANG_WARN_OBJC_IMPLICIT_RETAIN_SELF = YES;
				CLANG_WARN_OBJC_LITERAL_CONVERSION = YES;
				CLANG_WARN_OBJC_ROOT_CLASS = YES_ERROR;
				CLANG_WARN_QUOTED_INCLUDE_IN_FRAMEWORK_HEADER = YES;
				CLANG_WARN_RANGE_LOOP_ANALYSIS = YES;
				CLANG_WARN_STRICT_PROTOTYPES = YES;
				CLANG_WARN_SUSPICIOUS_MOVE = YES;
				CLANG_WARN_UNGUARDED_AVAILABILITY = YES_AGGRESSIVE;
				CLANG_WARN_UNREACHABLE_CODE = YES;
				CLANG_WARN__DUPLICATE_METHOD_MATCH = YES;
				COPY_PHASE_STRIP = NO;
				DEBUG_INFORMATION_FORMAT = "dwarf-with-dsym";
				ENABLE_NS_ASSERTIONS = NO;
				ENABLE_STRICT_OBJC_MSGSEND = YES;
				ENABLE_USER_SCRIPT_SANDBOXING = YES;
				GCC_C_LANGUAGE_STANDARD = gnu17;
				GCC_NO_COMMON_BLOCKS = YES;
				GCC_WARN_64_TO_32_BIT_CONVERSION = YES;
				GCC_WARN_ABOUT_RETURN_TYPE = YES_ERROR;
				GCC_WARN_UNDECLARED_SELECTOR = YES;
				GCC_WARN_UNINITIALIZED_AUTOS = YES_AGGRESSIVE;
				GCC_WARN_UNUSED_FUNCTION = YES;
				GCC_WARN_UNUSED_VARIABLE = YES;
				LOCALIZATION_PREFERS_STRING_CATALOGS = YES;
				MACOSX_DEPLOYMENT_TARGET = 14.4;
				MTL_ENABLE_DEBUG_INFO = NO;
				MTL_FAST_MATH = YES;
				SDKROOT = macosx;
				SWIFT_COMPILATION_MODE = wholemodule;
			};
			name = Release;
		};
		8A686A722BD32DB700B38E22 /* Debug */ = {
			isa = XCBuildConfiguration;
			buildSettings = {
				CODE_SIGN_STYLE = Manual;
				DEVELOPMENT_TEAM = "";
				ENABLE_HARDENED_RUNTIME = YES;
				PRODUCT_NAME = "$(TARGET_NAME)";
				PROVISIONING_PROFILE_SPECIFIER = "";
				SWIFT_VERSION = 5.0;
			};
			name = Debug;
		};
		8A686A732BD32DB700B38E22 /* Release */ = {
			isa = XCBuildConfiguration;
			buildSettings = {
				CODE_SIGN_STYLE = Manual;
				DEVELOPMENT_TEAM = "";
				ENABLE_HARDENED_RUNTIME = YES;
				PRODUCT_NAME = "$(TARGET_NAME)";
				PROVISIONING_PROFILE_SPECIFIER = "";
				SWIFT_VERSION = 5.0;
			};
			name = Release;
		};
		8A686A942BD32E7400B38E22 /* Debug */ = {
			isa = XCBuildConfiguration;
			buildSettings = {
				CODE_SIGN_STYLE = Manual;
				CURRENT_PROJECT_VERSION = 1;
				DEVELOPMENT_TEAM = "";
				GENERATE_INFOPLIST_FILE = YES;
				MARKETING_VERSION = 1.0;
				PRODUCT_BUNDLE_IDENTIFIER = ke.ProgrammingTests;
				PRODUCT_NAME = "$(TARGET_NAME)";
				PROVISIONING_PROFILE_SPECIFIER = "";
				SWIFT_EMIT_LOC_STRINGS = NO;
				SWIFT_VERSION = 5.0;
			};
			name = Debug;
		};
		8A686A952BD32E7400B38E22 /* Release */ = {
			isa = XCBuildConfiguration;
			buildSettings = {
				CODE_SIGN_STYLE = Manual;
				CURRENT_PROJECT_VERSION = 1;
				DEVELOPMENT_TEAM = "";
				GENERATE_INFOPLIST_FILE = YES;
				MARKETING_VERSION = 1.0;
				PRODUCT_BUNDLE_IDENTIFIER = ke.ProgrammingTests;
				PRODUCT_NAME = "$(TARGET_NAME)";
				PROVISIONING_PROFILE_SPECIFIER = "";
				SWIFT_EMIT_LOC_STRINGS = NO;
				SWIFT_VERSION = 5.0;
			};
			name = Release;
		};
/* End XCBuildConfiguration section */

/* Begin XCConfigurationList section */
		8A686A652BD32DB700B38E22 /* Build configuration list for PBXProject "Programming" */ = {
			isa = XCConfigurationList;
			buildConfigurations = (
				8A686A6F2BD32DB700B38E22 /* Debug */,
				8A686A702BD32DB700B38E22 /* Release */,
			);
			defaultConfigurationIsVisible = 0;
			defaultConfigurationName = Release;
		};
		8A686A712BD32DB700B38E22 /* Build configuration list for PBXNativeTarget "Programming" */ = {
			isa = XCConfigurationList;
			buildConfigurations = (
				8A686A722BD32DB700B38E22 /* Debug */,
				8A686A732BD32DB700B38E22 /* Release */,
			);
			defaultConfigurationIsVisible = 0;
			defaultConfigurationName = Release;
		};
		8A686A932BD32E7400B38E22 /* Build configuration list for PBXNativeTarget "ProgrammingTests" */ = {
			isa = XCConfigurationList;
			buildConfigurations = (
				8A686A942BD32E7400B38E22 /* Debug */,
				8A686A952BD32E7400B38E22 /* Release */,
			);
			defaultConfigurationIsVisible = 0;
			defaultConfigurationName = Release;
		};
/* End XCConfigurationList section */
	};
	rootObject = 8A686A622BD32DB700B38E22 /* Project object */;
}
